
Microsoft Visual Studio Solution File, Format Version 12.00
# Visual Studio Version 17
VisualStudioVersion = 17.6.33815.320
MinimumVisualStudioVersion = 10.0.40219.1
Project("{FAE04EC0-301F-11D3-BF4B-00C04F79EFBC}") = "Assignment_12", "Assignment_12\Assignment_12.csproj", "{E7D04632-1783-4065-9BD4-AC3AA58F2B1A}"
EndProject
Global
	GlobalSection(SolutionConfigurationPlatforms) = preSolution
		Debug|Any CPU = Debug|Any CPU
		Release|Any CPU = Release|Any CPU
	EndGlobalSection
	GlobalSection(ProjectConfigurationPlatforms) = postSolution
		{E7D04632-1783-4065-9BD4-AC3AA58F2B1A}.Debug|Any CPU.ActiveCfg = Debug|Any CPU
		{E7D04632-1783-4065-9BD4-AC3AA58F2B1A}.Debug|Any CPU.Build.0 = Debug|Any CPU
		{E7D04632-1783-4065-9BD4-AC3AA58F2B1A}.Release|Any CPU.ActiveCfg = Release|Any CPU
		{E7D04632-1783-4065-9BD4-AC3AA58F2B1A}.Release|Any CPU.Build.0 = Release|Any CPU
	EndGlobalSection
	GlobalSection(SolutionProperties) = preSolution
		HideSolutionNode = FALSE
	EndGlobalSection
	GlobalSection(ExtensibilityGlobals) = postSolution
		SolutionGuid = {581615D3-6E05-41DC-B707-3EBED264A5EE}
	EndGlobalSection
EndGlobal
